# This file is automatically @generated by Cargo.
# It is not intended for manual editing.
version = 4

[[package]]
name = "use-aspect-ratio"
version = "0.0.1"

[[package]]
name = "use-bitrate"
version = "0.0.1"

[[package]]
name = "use-dimensions"
version = "0.0.1"

[[package]]
name = "use-frame-rate"
version = "0.0.1"

[[package]]
name = "use-image"
version = "0.0.1"

[[package]]
name = "use-media"
version = "0.0.1"
dependencies = [
 "use-aspect-ratio",
 "use-bitrate",
 "use-dimensions",
 "use-frame-rate",
 "use-image",
 "use-media-duration",
 "use-media-timestamp",
 "use-media-type",
 "use-resolution",
 "use-svg",
]

[[package]]
name = "use-media-duration"
version = "0.0.1"

[[package]]
name = "use-media-timestamp"
version = "0.0.1"

[[package]]
name = "use-media-type"
version = "0.0.1"

[[package]]
name = "use-resolution"
version = "0.0.1"

[[package]]
name = "use-svg"
version = "0.0.1"
